
Microsoft Visual Studio Solution File, Format Version 12.00
# Visual Studio 15
VisualStudioVersion = 15.0.28307.539
MinimumVisualStudioVersion = 10.0.40219.1
Project("{9A19103F-16F7-4668-BE54-9A1E7A4F7556}") = "euler", "euler\euler.csproj", "{753E3138-4AC2-4B8E-B538-F4859A0D342E}"
EndProject
Project("{9A19103F-16F7-4668-BE54-9A1E7A4F7556}") = "euler-0008", "..\euler-0008\euler-0008\euler-0008.csproj", "{D983A936-1E10-4D7A-ACB8-BC445B02E39E}"
EndProject
Project("{9A19103F-16F7-4668-BE54-9A1E7A4F7556}") = "euler-0009", "..\euler-0009\euler-0009\euler-0009.csproj", "{2D506547-324C-4AB1-8225-6DBDFC5B3353}"
EndProject
Project("{9A19103F-16F7-4668-BE54-9A1E7A4F7556}") = "euler-0010", "..\euler-0010\euler-0010\euler-0010.csproj", "{18FFFD52-9940-46AB-BDCE-003C6D4C609C}"
EndProject
Project("{9A19103F-16F7-4668-BE54-9A1E7A4F7556}") = "euler-0011", "..\euler-0011\euler-0011\euler-0011.csproj", "{F5D454AC-8E50-4C8E-A9FA-70017D967989}"
EndProject
Project("{9A19103F-16F7-4668-BE54-9A1E7A4F7556}") = "euler-0012", "..\euler-0012\euler-0012\euler-0012.csproj", "{3D900DF5-5C6A-43A4-91A9-ACF6C1FD7993}"
EndProject
Project("{9A19103F-16F7-4668-BE54-9A1E7A4F7556}") = "euler-0013", "..\euler-0013\euler-0013\euler-0013.csproj", "{AF8594DE-4570-4958-9231-5050D56AA772}"
EndProject
Project("{9A19103F-16F7-4668-BE54-9A1E7A4F7556}") = "euler-0014", "..\euler-0014\euler-0014\euler-0014.csproj", "{D892877C-0E60-496E-8474-A887D2512A85}"
EndProject
Project("{9A19103F-16F7-4668-BE54-9A1E7A4F7556}") = "euler-0015", "..\euler-0015\euler-0015\euler-0015.csproj", "{24FE062F-15D0-4DDE-80F0-F26E83CBFD99}"
EndProject
Project("{9A19103F-16F7-4668-BE54-9A1E7A4F7556}") = "euler-0016", "..\euler-0016\euler-0016\euler-0016.csproj", "{976AC111-0C5C-4B14-90BD-04DAEF6A574D}"
EndProject
Project("{9A19103F-16F7-4668-BE54-9A1E7A4F7556}") = "euler-0017", "euler-0017\euler-0017.csproj", "{4F355FC3-F17E-4EE3-9369-0E7708745FEA}"
EndProject
Project("{6EC3EE1D-3C4E-46DD-8F32-0CC8E7565705}") = "euler-0001", "euler-0001\euler-0001.fsproj", "{282222AF-8715-4703-95EC-A8916CCDC81E}"
EndProject
Project("{FAE04EC0-301F-11D3-BF4B-00C04F79EFBC}") = "euler-0018", "euler-0018\euler-0018.csproj", "{1FA1F95A-1CF8-4B3E-8474-92BD35B09E4A}"
EndProject
Global
	GlobalSection(SolutionConfigurationPlatforms) = preSolution
		Debug|Any CPU = Debug|Any CPU
		Debug|x64 = Debug|x64
		Release|Any CPU = Release|Any CPU
		Release|x64 = Release|x64
	EndGlobalSection
	GlobalSection(ProjectConfigurationPlatforms) = postSolution
		{753E3138-4AC2-4B8E-B538-F4859A0D342E}.Debug|Any CPU.ActiveCfg = Debug|Any CPU
		{753E3138-4AC2-4B8E-B538-F4859A0D342E}.Debug|Any CPU.Build.0 = Debug|Any CPU
		{753E3138-4AC2-4B8E-B538-F4859A0D342E}.Debug|x64.ActiveCfg = Debug|Any CPU
		{753E3138-4AC2-4B8E-B538-F4859A0D342E}.Debug|x64.Build.0 = Debug|Any CPU
		{753E3138-4AC2-4B8E-B538-F4859A0D342E}.Release|Any CPU.ActiveCfg = Release|Any CPU
		{753E3138-4AC2-4B8E-B538-F4859A0D342E}.Release|Any CPU.Build.0 = Release|Any CPU
		{753E3138-4AC2-4B8E-B538-F4859A0D342E}.Release|x64.ActiveCfg = Release|Any CPU
		{753E3138-4AC2-4B8E-B538-F4859A0D342E}.Release|x64.Build.0 = Release|Any CPU
		{D983A936-1E10-4D7A-ACB8-BC445B02E39E}.Debug|Any CPU.ActiveCfg = Debug|Any CPU
		{D983A936-1E10-4D7A-ACB8-BC445B02E39E}.Debug|Any CPU.Build.0 = Debug|Any CPU
		{D983A936-1E10-4D7A-ACB8-BC445B02E39E}.Debug|x64.ActiveCfg = Debug|Any CPU
		{D983A936-1E10-4D7A-ACB8-BC445B02E39E}.Debug|x64.Build.0 = Debug|Any CPU
		{D983A936-1E10-4D7A-ACB8-BC445B02E39E}.Release|Any CPU.ActiveCfg = Release|Any CPU
		{D983A936-1E10-4D7A-ACB8-BC445B02E39E}.Release|Any CPU.Build.0 = Release|Any CPU
		{D983A936-1E10-4D7A-ACB8-BC445B02E39E}.Release|x64.ActiveCfg = Release|Any CPU
		{D983A936-1E10-4D7A-ACB8-BC445B02E39E}.Release|x64.Build.0 = Release|Any CPU
		{2D506547-324C-4AB1-8225-6DBDFC5B3353}.Debug|Any CPU.ActiveCfg = Debug|Any CPU
		{2D506547-324C-4AB1-8225-6DBDFC5B3353}.Debug|Any CPU.Build.0 = Debug|Any CPU
		{2D506547-324C-4AB1-8225-6DBDFC5B3353}.Debug|x64.ActiveCfg = Debug|Any CPU
		{2D506547-324C-4AB1-8225-6DBDFC5B3353}.Debug|x64.Build.0 = Debug|Any CPU
		{2D506547-324C-4AB1-8225-6DBDFC5B3353}.Release|Any CPU.ActiveCfg = Release|Any CPU
		{2D506547-324C-4AB1-8225-6DBDFC5B3353}.Release|Any CPU.Build.0 = Release|Any CPU
		{2D506547-324C-4AB1-8225-6DBDFC5B3353}.Release|x64.ActiveCfg = Release|Any CPU
		{2D506547-324C-4AB1-8225-6DBDFC5B3353}.Release|x64.Build.0 = Release|Any CPU
		{18FFFD52-9940-46AB-BDCE-003C6D4C609C}.Debug|Any CPU.ActiveCfg = Debug|Any CPU
		{18FFFD52-9940-46AB-BDCE-003C6D4C609C}.Debug|Any CPU.Build.0 = Debug|Any CPU
		{18FFFD52-9940-46AB-BDCE-003C6D4C609C}.Debug|x64.ActiveCfg = Debug|Any CPU
		{18FFFD52-9940-46AB-BDCE-003C6D4C609C}.Debug|x64.Build.0 = Debug|Any CPU
		{18FFFD52-9940-46AB-BDCE-003C6D4C609C}.Release|Any CPU.ActiveCfg = Release|Any CPU
		{18FFFD52-9940-46AB-BDCE-003C6D4C609C}.Release|Any CPU.Build.0 = Release|Any CPU
		{18FFFD52-9940-46AB-BDCE-003C6D4C609C}.Release|x64.ActiveCfg = Release|Any CPU
		{18FFFD52-9940-46AB-BDCE-003C6D4C609C}.Release|x64.Build.0 = Release|Any CPU
		{F5D454AC-8E50-4C8E-A9FA-70017D967989}.Debug|Any CPU.ActiveCfg = Debug|Any CPU
		{F5D454AC-8E50-4C8E-A9FA-70017D967989}.Debug|Any CPU.Build.0 = Debug|Any CPU
		{F5D454AC-8E50-4C8E-A9FA-70017D967989}.Debug|x64.ActiveCfg = Debug|Any CPU
		{F5D454AC-8E50-4C8E-A9FA-70017D967989}.Debug|x64.Build.0 = Debug|Any CPU
		{F5D454AC-8E50-4C8E-A9FA-70017D967989}.Release|Any CPU.ActiveCfg = Release|Any CPU
		{F5D454AC-8E50-4C8E-A9FA-70017D967989}.Release|Any CPU.Build.0 = Release|Any CPU
		{F5D454AC-8E50-4C8E-A9FA-70017D967989}.Release|x64.ActiveCfg = Release|Any CPU
		{F5D454AC-8E50-4C8E-A9FA-70017D967989}.Release|x64.Build.0 = Release|Any CPU
		{3D900DF5-5C6A-43A4-91A9-ACF6C1FD7993}.Debug|Any CPU.ActiveCfg = Debug|Any CPU
		{3D900DF5-5C6A-43A4-91A9-ACF6C1FD7993}.Debug|Any CPU.Build.0 = Debug|Any CPU
		{3D900DF5-5C6A-43A4-91A9-ACF6C1FD7993}.Debug|x64.ActiveCfg = Debug|x64
		{3D900DF5-5C6A-43A4-91A9-ACF6C1FD7993}.Debug|x64.Build.0 = Debug|x64
		{3D900DF5-5C6A-43A4-91A9-ACF6C1FD7993}.Release|Any CPU.ActiveCfg = Release|Any CPU
		{3D900DF5-5C6A-43A4-91A9-ACF6C1FD7993}.Release|Any CPU.Build.0 = Release|Any CPU
		{3D900DF5-5C6A-43A4-91A9-ACF6C1FD7993}.Release|x64.ActiveCfg = Release|x64
		{3D900DF5-5C6A-43A4-91A9-ACF6C1FD7993}.Release|x64.Build.0 = Release|x64
		{AF8594DE-4570-4958-9231-5050D56AA772}.Debug|Any CPU.ActiveCfg = Debug|Any CPU
		{AF8594DE-4570-4958-9231-5050D56AA772}.Debug|Any CPU.Build.0 = Debug|Any CPU
		{AF8594DE-4570-4958-9231-5050D56AA772}.Debug|x64.ActiveCfg = Debug|Any CPU
		{AF8594DE-4570-4958-9231-5050D56AA772}.Debug|x64.Build.0 = Debug|Any CPU
		{AF8594DE-4570-4958-9231-5050D56AA772}.Release|Any CPU.ActiveCfg = Release|Any CPU
		{AF8594DE-4570-4958-9231-5050D56AA772}.Release|Any CPU.Build.0 = Release|Any CPU
		{AF8594DE-4570-4958-9231-5050D56AA772}.Release|x64.ActiveCfg = Release|Any CPU
		{AF8594DE-4570-4958-9231-5050D56AA772}.Release|x64.Build.0 = Release|Any CPU
		{D892877C-0E60-496E-8474-A887D2512A85}.Debug|Any CPU.ActiveCfg = Debug|Any CPU
		{D892877C-0E60-496E-8474-A887D2512A85}.Debug|Any CPU.Build.0 = Debug|Any CPU
		{D892877C-0E60-496E-8474-A887D2512A85}.Debug|x64.ActiveCfg = Debug|Any CPU
		{D892877C-0E60-496E-8474-A887D2512A85}.Debug|x64.Build.0 = Debug|Any CPU
		{D892877C-0E60-496E-8474-A887D2512A85}.Release|Any CPU.ActiveCfg = Release|Any CPU
		{D892877C-0E60-496E-8474-A887D2512A85}.Release|Any CPU.Build.0 = Release|Any CPU
		{D892877C-0E60-496E-8474-A887D2512A85}.Release|x64.ActiveCfg = Release|Any CPU
		{D892877C-0E60-496E-8474-A887D2512A85}.Release|x64.Build.0 = Release|Any CPU
		{24FE062F-15D0-4DDE-80F0-F26E83CBFD99}.Debug|Any CPU.ActiveCfg = Debug|Any CPU
		{24FE062F-15D0-4DDE-80F0-F26E83CBFD99}.Debug|Any CPU.Build.0 = Debug|Any CPU
		{24FE062F-15D0-4DDE-80F0-F26E83CBFD99}.Debug|x64.ActiveCfg = Debug|Any CPU
		{24FE062F-15D0-4DDE-80F0-F26E83CBFD99}.Debug|x64.Build.0 = Debug|Any CPU
		{24FE062F-15D0-4DDE-80F0-F26E83CBFD99}.Release|Any CPU.ActiveCfg = Release|Any CPU
		{24FE062F-15D0-4DDE-80F0-F26E83CBFD99}.Release|Any CPU.Build.0 = Release|Any CPU
		{24FE062F-15D0-4DDE-80F0-F26E83CBFD99}.Release|x64.ActiveCfg = Release|Any CPU
		{24FE062F-15D0-4DDE-80F0-F26E83CBFD99}.Release|x64.Build.0 = Release|Any CPU
		{976AC111-0C5C-4B14-90BD-04DAEF6A574D}.Debug|Any CPU.ActiveCfg = Debug|Any CPU
		{976AC111-0C5C-4B14-90BD-04DAEF6A574D}.Debug|Any CPU.Build.0 = Debug|Any CPU
		{976AC111-0C5C-4B14-90BD-04DAEF6A574D}.Debug|x64.ActiveCfg = Debug|Any CPU
		{976AC111-0C5C-4B14-90BD-04DAEF6A574D}.Debug|x64.Build.0 = Debug|Any CPU
		{976AC111-0C5C-4B14-90BD-04DAEF6A574D}.Release|Any CPU.ActiveCfg = Release|Any CPU
		{976AC111-0C5C-4B14-90BD-04DAEF6A574D}.Release|Any CPU.Build.0 = Release|Any CPU
		{976AC111-0C5C-4B14-90BD-04DAEF6A574D}.Release|x64.ActiveCfg = Release|Any CPU
		{976AC111-0C5C-4B14-90BD-04DAEF6A574D}.Release|x64.Build.0 = Release|Any CPU
		{4F355FC3-F17E-4EE3-9369-0E7708745FEA}.Debug|Any CPU.ActiveCfg = Debug|Any CPU
		{4F355FC3-F17E-4EE3-9369-0E7708745FEA}.Debug|Any CPU.Build.0 = Debug|Any CPU
		{4F355FC3-F17E-4EE3-9369-0E7708745FEA}.Debug|x64.ActiveCfg = Debug|Any CPU
		{4F355FC3-F17E-4EE3-9369-0E7708745FEA}.Debug|x64.Build.0 = Debug|Any CPU
		{4F355FC3-F17E-4EE3-9369-0E7708745FEA}.Release|Any CPU.ActiveCfg = Release|Any CPU
		{4F355FC3-F17E-4EE3-9369-0E7708745FEA}.Release|Any CPU.Build.0 = Release|Any CPU
		{4F355FC3-F17E-4EE3-9369-0E7708745FEA}.Release|x64.ActiveCfg = Release|Any CPU
		{4F355FC3-F17E-4EE3-9369-0E7708745FEA}.Release|x64.Build.0 = Release|Any CPU
		{282222AF-8715-4703-95EC-A8916CCDC81E}.Debug|Any CPU.ActiveCfg = Debug|Any CPU
		{282222AF-8715-4703-95EC-A8916CCDC81E}.Debug|Any CPU.Build.0 = Debug|Any CPU
		{282222AF-8715-4703-95EC-A8916CCDC81E}.Debug|x64.ActiveCfg = Debug|Any CPU
		{282222AF-8715-4703-95EC-A8916CCDC81E}.Debug|x64.Build.0 = Debug|Any CPU
		{282222AF-8715-4703-95EC-A8916CCDC81E}.Release|Any CPU.ActiveCfg = Release|Any CPU
		{282222AF-8715-4703-95EC-A8916CCDC81E}.Release|Any CPU.Build.0 = Release|Any CPU
		{282222AF-8715-4703-95EC-A8916CCDC81E}.Release|x64.ActiveCfg = Release|Any CPU
		{282222AF-8715-4703-95EC-A8916CCDC81E}.Release|x64.Build.0 = Release|Any CPU
		{1FA1F95A-1CF8-4B3E-8474-92BD35B09E4A}.Debug|Any CPU.ActiveCfg = Debug|Any CPU
		{1FA1F95A-1CF8-4B3E-8474-92BD35B09E4A}.Debug|Any CPU.Build.0 = Debug|Any CPU
		{1FA1F95A-1CF8-4B3E-8474-92BD35B09E4A}.Debug|x64.ActiveCfg = Debug|Any CPU
		{1FA1F95A-1CF8-4B3E-8474-92BD35B09E4A}.Debug|x64.Build.0 = Debug|Any CPU
		{1FA1F95A-1CF8-4B3E-8474-92BD35B09E4A}.Release|Any CPU.ActiveCfg = Release|Any CPU
		{1FA1F95A-1CF8-4B3E-8474-92BD35B09E4A}.Release|Any CPU.Build.0 = Release|Any CPU
		{1FA1F95A-1CF8-4B3E-8474-92BD35B09E4A}.Release|x64.ActiveCfg = Release|Any CPU
		{1FA1F95A-1CF8-4B3E-8474-92BD35B09E4A}.Release|x64.Build.0 = Release|Any CPU
	EndGlobalSection
	GlobalSection(SolutionProperties) = preSolution
		HideSolutionNode = FALSE
	EndGlobalSection
	GlobalSection(ExtensibilityGlobals) = postSolution
		SolutionGuid = {E8EAF4DF-DEBC-404B-A402-EA807C88C8FD}
	EndGlobalSection
EndGlobal
